// !$*UTF8*$!
{
	archiveVersion = 1;
	classes = {
	};
	objectVersion = 46;
	objects = {

/* Begin PBXBuildFile section */
		739FE548BF317F50D4E82D1C /* Pods_FmdbExample.framework in Frameworks */ = {isa = PBXBuildFile; fileRef = 1066DDB63782DD1873F14602 /* Pods_FmdbExample.framework */; };
		C51CD8C01CDB7458001A9EF8 /* AppDelegate.swift in Sources */ = {isa = PBXBuildFile; fileRef = C51CD8BF1CDB7458001A9EF8 /* AppDelegate.swift */; };
		C51CD8C21CDB7458001A9EF8 /* ViewController.swift in Sources */ = {isa = PBXBuildFile; fileRef = C51CD8C11CDB7458001A9EF8 /* ViewController.swift */; };
		C51CD8C51CDB7458001A9EF8 /* Main.storyboard in Resources */ = {isa = PBXBuildFile; fileRef = C51CD8C31CDB7458001A9EF8 /* Main.storyboard */; };
		C51CD8C71CDB7458001A9EF8 /* Assets.xcassets in Resources */ = {isa = PBXBuildFile; fileRef = C51CD8C61CDB7458001A9EF8 /* Assets.xcassets */; };
		C51CD8CA1CDB7458001A9EF8 /* LaunchScreen.storyboard in Resources */ = {isa = PBXBuildFile; fileRef = C51CD8C81CDB7458001A9EF8 /* LaunchScreen.storyboard */; };
		C51CD8D31CDB76BB001A9EF8 /* FMDBController.swift in Sources */ = {isa = PBXBuildFile; fileRef = C51CD8D21CDB76BB001A9EF8 /* FMDBController.swift */; };
		C51CD8D71CDB7DDF001A9EF8 /* Worker.swift in Sources */ = {isa = PBXBuildFile; fileRef = C51CD8D51CDB7DDF001A9EF8 /* Worker.swift */; };
		C51CD8DA1CDB81CF001A9EF8 /* FMDBEntityProtocol.swift in Sources */ = {isa = PBXBuildFile; fileRef = C51CD8D91CDB81CF001A9EF8 /* FMDBEntityProtocol.swift */; };
/* End PBXBuildFile section */

/* Begin PBXFileReference section */
		1066DDB63782DD1873F14602 /* Pods_FmdbExample.framework */ = {isa = PBXFileReference; explicitFileType = wrapper.framework; includeInIndex = 0; path = Pods_FmdbExample.framework; sourceTree = BUILT_PRODUCTS_DIR; };
		49AD408BC2E38C3B49AAE9EC /* Pods-FmdbExample.release.xcconfig */ = {isa = PBXFileReference; includeInIndex = 1; lastKnownFileType = text.xcconfig; name = "Pods-FmdbExample.release.xcconfig"; path = "Pods/Target Support Files/Pods-FmdbExample/Pods-FmdbExample.release.xcconfig"; sourceTree = "<group>"; };
		626253F41679F9DA884E4ACD /* Pods-FmdbExample.debug.xcconfig */ = {isa = PBXFileReference; includeInIndex = 1; lastKnownFileType = text.xcconfig; name = "Pods-FmdbExample.debug.xcconfig"; path = "Pods/Target Support Files/Pods-FmdbExample/Pods-FmdbExample.debug.xcconfig"; sourceTree = "<group>"; };
		C51CD8BC1CDB7458001A9EF8 /* FmdbExample.app */ = {isa = PBXFileReference; explicitFileType = wrapper.application; includeInIndex = 0; path = FmdbExample.app; sourceTree = BUILT_PRODUCTS_DIR; };
		C51CD8BF1CDB7458001A9EF8 /* AppDelegate.swift */ = {isa = PBXFileReference; lastKnownFileType = sourcecode.swift; path = AppDelegate.swift; sourceTree = "<group>"; };
		C51CD8C11CDB7458001A9EF8 /* ViewController.swift */ = {isa = PBXFileReference; lastKnownFileType = sourcecode.swift; path = ViewController.swift; sourceTree = "<group>"; };
		C51CD8C41CDB7458001A9EF8 /* Base */ = {isa = PBXFileReference; lastKnownFileType = file.storyboard; name = Base; path = Base.lproj/Main.storyboard; sourceTree = "<group>"; };
		C51CD8C61CDB7458001A9EF8 /* Assets.xcassets */ = {isa = PBXFileReference; lastKnownFileType = folder.assetcatalog; path = Assets.xcassets; sourceTree = "<group>"; };
		C51CD8C91CDB7458001A9EF8 /* Base */ = {isa = PBXFileReference; lastKnownFileType = file.storyboard; name = Base; path = Base.lproj/LaunchScreen.storyboard; sourceTree = "<group>"; };
		C51CD8CB1CDB7458001A9EF8 /* Info.plist */ = {isa = PBXFileReference; lastKnownFileType = text.plist.xml; path = Info.plist; sourceTree = "<group>"; };
		C51CD8D21CDB76BB001A9EF8 /* FMDBController.swift */ = {isa = PBXFileReference; fileEncoding = 4; lastKnownFileType = sourcecode.swift; path = FMDBController.swift; sourceTree = "<group>"; };
		C51CD8D51CDB7DDF001A9EF8 /* Worker.swift */ = {isa = PBXFileReference; fileEncoding = 4; lastKnownFileType = sourcecode.swift; path = Worker.swift; sourceTree = "<group>"; };
		C51CD8D91CDB81CF001A9EF8 /* FMDBEntityProtocol.swift */ = {isa = PBXFileReference; fileEncoding = 4; lastKnownFileType = sourcecode.swift; path = FMDBEntityProtocol.swift; sourceTree = "<group>"; };
/* End PBXFileReference section */

/* Begin PBXFrameworksBuildPhase section */
		C51CD8B91CDB7458001A9EF8 /* Frameworks */ = {
			isa = PBXFrameworksBuildPhase;
			buildActionMask = 2147483647;
			files = (
				739FE548BF317F50D4E82D1C /* Pods_FmdbExample.framework in Frameworks */,
			);
			runOnlyForDeploymentPostprocessing = 0;
		};
/* End PBXFrameworksBuildPhase section */

/* Begin PBXGroup section */
		29849BB8934D4340F6F55EF2 /* Pods */ = {
			isa = PBXGroup;
			children = (
				626253F41679F9DA884E4ACD /* Pods-FmdbExample.debug.xcconfig */,
				49AD408BC2E38C3B49AAE9EC /* Pods-FmdbExample.release.xcconfig */,
			);
			name = Pods;
			sourceTree = "<group>";
		};
		C51CD8B31CDB7458001A9EF8 = {
			isa = PBXGroup;
			children = (
				C51CD8BE1CDB7458001A9EF8 /* FmdbExample */,
				C51CD8BD1CDB7458001A9EF8 /* Products */,
				29849BB8934D4340F6F55EF2 /* Pods */,
				FE59275465E65DBB328D5514 /* Frameworks */,
			);
			sourceTree = "<group>";
		};
		C51CD8BD1CDB7458001A9EF8 /* Products */ = {
			isa = PBXGroup;
			children = (
				C51CD8BC1CDB7458001A9EF8 /* FmdbExample.app */,
			);
			name = Products;
			sourceTree = "<group>";
		};
		C51CD8BE1CDB7458001A9EF8 /* FmdbExample */ = {
			isa = PBXGroup;
			children = (
				C51CD8D41CDB7D6B001A9EF8 /* Model */,
				C51CD8D11CDB7656001A9EF8 /* FMDB */,
				C51CD8BF1CDB7458001A9EF8 /* AppDelegate.swift */,
				C51CD8C11CDB7458001A9EF8 /* ViewController.swift */,
				C51CD8C31CDB7458001A9EF8 /* Main.storyboard */,
				C51CD8C61CDB7458001A9EF8 /* Assets.xcassets */,
				C51CD8C81CDB7458001A9EF8 /* LaunchScreen.storyboard */,
				C51CD8CB1CDB7458001A9EF8 /* Info.plist */,
			);
			path = FmdbExample;
			sourceTree = "<group>";
		};
		C51CD8D11CDB7656001A9EF8 /* FMDB */ = {
			isa = PBXGroup;
			children = (
				C51CD8D21CDB76BB001A9EF8 /* FMDBController.swift */,
				C51CD8D91CDB81CF001A9EF8 /* FMDBEntityProtocol.swift */,
			);
			name = FMDB;
			sourceTree = "<group>";
		};
		C51CD8D41CDB7D6B001A9EF8 /* Model */ = {
			isa = PBXGroup;
			children = (
				C51CD8D51CDB7DDF001A9EF8 /* Worker.swift */,
			);
			name = Model;
			sourceTree = "<group>";
		};
		FE59275465E65DBB328D5514 /* Frameworks */ = {
			isa = PBXGroup;
			children = (
				1066DDB63782DD1873F14602 /* Pods_FmdbExample.framework */,
			);
			name = Frameworks;
			sourceTree = "<group>";
		};
/* End PBXGroup section */

/* Begin PBXNativeTarget section */
		C51CD8BB1CDB7458001A9EF8 /* FmdbExample */ = {
			isa = PBXNativeTarget;
			buildConfigurationList = C51CD8CE1CDB7458001A9EF8 /* Build configuration list for PBXNativeTarget "FmdbExample" */;
			buildPhases = (
				C907F366D7222DD68DC13CE5 /* Check Pods Manifest.lock */,
				C51CD8B81CDB7458001A9EF8 /* Sources */,
				C51CD8B91CDB7458001A9EF8 /* Frameworks */,
				C51CD8BA1CDB7458001A9EF8 /* Resources */,
				09DE24ACEFD68B308FE3F161 /* Embed Pods Frameworks */,
				CD1590C912E8BC29B15F3F6F /* Copy Pods Resources */,
			);
			buildRules = (
			);
			dependencies = (
			);
			name = FmdbExample;
			productName = FmdbExample;
			productReference = C51CD8BC1CDB7458001A9EF8 /* FmdbExample.app */;
			productType = "com.apple.product-type.application";
		};
/* End PBXNativeTarget section */

/* Begin PBXProject section */
		C51CD8B41CDB7458001A9EF8 /* Project object */ = {
			isa = PBXProject;
			attributes = {
				LastSwiftUpdateCheck = 0730;
				LastUpgradeCheck = 0730;
				ORGANIZATIONNAME = kievkao;
				TargetAttributes = {
					C51CD8BB1CDB7458001A9EF8 = {
						CreatedOnToolsVersion = 7.3;
					};
				};
			};
			buildConfigurationList = C51CD8B71CDB7458001A9EF8 /* Build configuration list for PBXProject "FmdbExample" */;
			compatibilityVersion = "Xcode 3.2";
			developmentRegion = English;
			hasScannedForEncodings = 0;
			knownRegions = (
				en,
				Base,
			);
			mainGroup = C51CD8B31CDB7458001A9EF8;
			productRefGroup = C51CD8BD1CDB7458001A9EF8 /* Products */;
			projectDirPath = "";
			projectRoot = "";
			targets = (
				C51CD8BB1CDB7458001A9EF8 /* FmdbExample */,
			);
		};
/* End PBXProject section */

/* Begin PBXResourcesBuildPhase section */
		C51CD8BA1CDB7458001A9EF8 /* Resources */ = {
			isa = PBXResourcesBuildPhase;
			buildActionMask = 2147483647;
			files = (
				C51CD8CA1CDB7458001A9EF8 /* LaunchScreen.storyboard in Resources */,
				C51CD8C71CDB7458001A9EF8 /* Assets.xcassets in Resources */,
				C51CD8C51CDB7458001A9EF8 /* Main.storyboard in Resources */,
			);
			runOnlyForDeploymentPostprocessing = 0;
		};
/* End PBXResourcesBuildPhase section */

/* Begin PBXShellScriptBuildPhase section */
		09DE24ACEFD68B308FE3F161 /* Embed Pods Frameworks */ = {
			isa = PBXShellScriptBuildPhase;
			buildActionMask = 2147483647;
			files = (
			);
			inputPaths = (
			);
			name = "Embed Pods Frameworks";
			outputPaths = (
			);
			runOnlyForDeploymentPostprocessing = 0;
			shellPath = /bin/sh;
			shellScript = "\"${SRCROOT}/Pods/Target Support Files/Pods-FmdbExample/Pods-FmdbExample-frameworks.sh\"\n";
			showEnvVarsInLog = 0;
		};
		C907F366D7222DD68DC13CE5 /* Check Pods Manifest.lock */ = {
			isa = PBXShellScriptBuildPhase;
			buildActionMask = 2147483647;
			files = (
			);
			inputPaths = (
			);
			name = "Check Pods Manifest.lock";
			outputPaths = (
			);
			runOnlyForDeploymentPostprocessing = 0;
			shellPath = /bin/sh;
			shellScript = "diff \"${PODS_ROOT}/../Podfile.lock\" \"${PODS_ROOT}/Manifest.lock\" > /dev/null\nif [[ $? != 0 ]] ; then\n    cat << EOM\nerror: The sandbox is not in sync with the Podfile.lock. Run 'pod install' or update your CocoaPods installation.\nEOM\n    exit 1\nfi\n";
			showEnvVarsInLog = 0;
		};
		CD1590C912E8BC29B15F3F6F /* Copy Pods Resources */ = {
			isa = PBXShellScriptBuildPhase;
			buildActionMask = 2147483647;
			files = (
			);
			inputPaths = (
			);
			name = "Copy Pods Resources";
			outputPaths = (
			);
			runOnlyForDeploymentPostprocessing = 0;
			shellPath = /bin/sh;
			shellScript = "\"${SRCROOT}/Pods/Target Support Files/Pods-FmdbExample/Pods-FmdbExample-resources.sh\"\n";
			showEnvVarsInLog = 0;
		};
/* End PBXShellScriptBuildPhase section */

/* Begin PBXSourcesBuildPhase section */
		C51CD8B81CDB7458001A9EF8 /* Sources */ = {
			isa = PBXSourcesBuildPhase;
			buildActionMask = 2147483647;
			files = (
				C51CD8DA1CDB81CF001A9EF8 /* FMDBEntityProtocol.swift in Sources */,
				C51CD8C21CDB7458001A9EF8 /* ViewController.swift in Sources */,
				C51CD8D71CDB7DDF001A9EF8 /* Worker.swift in Sources */,
				C51CD8D31CDB76BB001A9EF8 /* FMDBController.swift in Sources */,
				C51CD8C01CDB7458001A9EF8 /* AppDelegate.swift in Sources */,
			);
			runOnlyForDeploymentPostprocessing = 0;
		};
/* End PBXSourcesBuildPhase section */

/* Begin PBXVariantGroup section */
		C51CD8C31CDB7458001A9EF8 /* Main.storyboard */ = {
			isa = PBXVariantGroup;
			children = (
				C51CD8C41CDB7458001A9EF8 /* Base */,
			);
			name = Main.storyboard;
			sourceTree = "<group>";
		};
		C51CD8C81CDB7458001A9EF8 /* LaunchScreen.storyboard */ = {
			isa = PBXVariantGroup;
			children = (
				C51CD8C91CDB7458001A9EF8 /* Base */,
			);
			name = LaunchScreen.storyboard;
			sourceTree = "<group>";
		};
/* End PBXVariantGroup section */

/* Begin XCBuildConfiguration section */
		C51CD8CC1CDB7458001A9EF8 /* Debug */ = {
			isa = XCBuildConfiguration;
			buildSettings = {
				ALWAYS_SEARCH_USER_PATHS = NO;
				CLANG_ANALYZER_NONNULL = YES;
				CLANG_CXX_LANGUAGE_STANDARD = "gnu++0x";
				CLANG_CXX_LIBRARY = "libc++";
				CLANG_ENABLE_MODULES = YES;
				CLANG_ENABLE_OBJC_ARC = YES;
				CLANG_WARN_BOOL_CONVERSION = YES;
				CLANG_WARN_CONSTANT_CONVERSION = YES;
				CLANG_WARN_DIRECT_OBJC_ISA_USAGE = YES_ERROR;
				CLANG_WARN_EMPTY_BODY = YES;
				CLANG_WARN_ENUM_CONVERSION = YES;
				CLANG_WARN_INT_CONVERSION = YES;
				CLANG_WARN_OBJC_ROOT_CLASS = YES_ERROR;
				CLANG_WARN_UNREACHABLE_CODE = YES;
				CLANG_WARN__DUPLICATE_METHOD_MATCH = YES;
				"CODE_SIGN_IDENTITY[sdk=iphoneos*]" = "iPhone Developer";
				COPY_PHASE_STRIP = NO;
				DEBUG_INFORMATION_FORMAT = dwarf;
				ENABLE_STRICT_OBJC_MSGSEND = YES;
				ENABLE_TESTABILITY = YES;
				GCC_C_LANGUAGE_STANDARD = gnu99;
				GCC_DYNAMIC_NO_PIC = NO;
				GCC_NO_COMMON_BLOCKS = YES;
				GCC_OPTIMIZATION_LEVEL = 0;
				GCC_PREPROCESSOR_DEFINITIONS = (
					"DEBUG=1",
					"$(inherited)",
				);
				GCC_WARN_64_TO_32_BIT_CONVERSION = YES;
				GCC_WARN_ABOUT_RETURN_TYPE = YES_ERROR;
				GCC_WARN_UNDECLARED_SELECTOR = YES;
				GCC_WARN_UNINITIALIZED_AUTOS = YES_AGGRESSIVE;
				GCC_WARN_UNUSED_FUNCTION = YES;
				GCC_WARN_UNUSED_VARIABLE = YES;
				IPHONEOS_DEPLOYMENT_TARGET = 9.3;
				MTL_ENABLE_DEBUG_INFO = YES;
				ONLY_ACTIVE_ARCH = YES;
				SDKROOT = iphoneos;
				SWIFT_OPTIMIZATION_LEVEL = "-Onone";
				TARGETED_DEVICE_FAMILY = "1,2";
			};
			name = Debug;
		};
		C51CD8CD1CDB7458001A9EF8 /* Release */ = {
			isa = XCBuildConfiguration;
			buildSettings = {
				ALWAYS_SEARCH_USER_PATHS = NO;
				CLANG_ANALYZER_NONNULL = YES;
				CLANG_CXX_LANGUAGE_STANDARD = "gnu++0x";
				CLANG_CXX_LIBRARY = "libc++";
				CLANG_ENABLE_MODULES = YES;
				CLANG_ENABLE_OBJC_ARC = YES;
				CLANG_WARN_BOOL_CONVERSION = YES;
				CLANG_WARN_CONSTANT_CONVERSION = YES;
				CLANG_WARN_DIRECT_OBJC_ISA_USAGE = YES_ERROR;
				CLANG_WARN_EMPTY_BODY = YES;
				CLANG_WARN_ENUM_CONVERSION = YES;
				CLANG_WARN_INT_CONVERSION = YES;
				CLANG_WARN_OBJC_ROOT_CLASS = YES_ERROR;
				CLANG_WARN_UNREACHABLE_CODE = YES;
				CLANG_WARN__DUPLICATE_METHOD_MATCH = YES;
				"CODE_SIGN_IDENTITY[sdk=iphoneos*]" = "iPhone Developer";
				COPY_PHASE_STRIP = NO;
				DEBUG_INFORMATION_FORMAT = "dwarf-with-dsym";
				ENABLE_NS_ASSERTIONS = NO;
				ENABLE_STRICT_OBJC_MSGSEND = YES;
				GCC_C_LANGUAGE_STANDARD = gnu99;
				GCC_NO_COMMON_BLOCKS = YES;
				GCC_WARN_64_TO_32_BIT_CONVERSION = YES;
				GCC_WARN_ABOUT_RETURN_TYPE = YES_ERROR;
				GCC_WARN_UNDECLARED_SELECTOR = YES;
				GCC_WARN_UNINITIALIZED_AUTOS = YES_AGGRESSIVE;
				GCC_WARN_UNUSED_FUNCTION = YES;
				GCC_WARN_UNUSED_VARIABLE = YES;
				IPHONEOS_DEPLOYMENT_TARGET = 9.3;
				MTL_ENABLE_DEBUG_INFO = NO;
				SDKROOT = iphoneos;
				TARGETED_DEVICE_FAMILY = "1,2";
				VALIDATE_PRODUCT = YES;
			};
			name = Release;
		};
		C51CD8CF1CDB7458001A9EF8 /* Debug */ = {
			isa = XCBuildConfiguration;
			baseConfigurationReference = 626253F41679F9DA884E4ACD /* Pods-FmdbExample.debug.xcconfig */;
			buildSettings = {
				ASSETCATALOG_COMPILER_APPICON_NAME = AppIcon;
				INFOPLIST_FILE = FmdbExample/Info.plist;
				LD_RUNPATH_SEARCH_PATHS = "$(inherited) @executable_path/Frameworks";
				PRODUCT_BUNDLE_IDENTIFIER = kievkao.FmdbExample;
				PRODUCT_NAME = "$(TARGET_NAME)";
			};
			name = Debug;
		};
		C51CD8D01CDB7458001A9EF8 /* Release */ = {
			isa = XCBuildConfiguration;
			baseConfigurationReference = 49AD408BC2E38C3B49AAE9EC /* Pods-FmdbExample.release.xcconfig */;
			buildSettings = {
				ASSETCATALOG_COMPILER_APPICON_NAME = AppIcon;
				INFOPLIST_FILE = FmdbExample/Info.plist;
				LD_RUNPATH_SEARCH_PATHS = "$(inherited) @executable_path/Frameworks";
				PRODUCT_BUNDLE_IDENTIFIER = kievkao.FmdbExample;
				PRODUCT_NAME = "$(TARGET_NAME)";
			};
			name = Release;
		};
/* End XCBuildConfiguration section */

/* Begin XCConfigurationList section */
		C51CD8B71CDB7458001A9EF8 /* Build configuration list for PBXProject "FmdbExample" */ = {
			isa = XCConfigurationList;
			buildConfigurations = (
				C51CD8CC1CDB7458001A9EF8 /* Debug */,
				C51CD8CD1CDB7458001A9EF8 /* Release */,
			);
			defaultConfigurationIsVisible = 0;
			defaultConfigurationName = Release;
		};
		C51CD8CE1CDB7458001A9EF8 /* Build configuration list for PBXNativeTarget "FmdbExample" */ = {
			isa = XCConfigurationList;
			buildConfigurations = (
				C51CD8CF1CDB7458001A9EF8 /* Debug */,
				C51CD8D01CDB7458001A9EF8 /* Release */,
			);
			defaultConfigurationIsVisible = 0;
			defaultConfigurationName = Release;
		};
/* End XCConfigurationList section */
	};
	rootObject = C51CD8B41CDB7458001A9EF8 /* Project object */;
}
